
Microsoft Visual Studio Solution File, Format Version 12.00
# Visual Studio Version 16
VisualStudioVersion = 16.0.32901.82
MinimumVisualStudioVersion = 10.0.40219.1
Project("{FAE04EC0-301F-11D3-BF4B-00C04F79EFBC}") = "PilotBrothersSafe", "PilotBrothersSafe\PilotBrothersSafe.csproj", "{E834C509-05E7-4E4C-968F-8B705A751B8E}"
EndProject
Global
	GlobalSection(SolutionConfigurationPlatforms) = preSolution
		Debug|Any CPU = Debug|Any CPU
		Release|Any CPU = Release|Any CPU
	EndGlobalSection
	GlobalSection(ProjectConfigurationPlatforms) = postSolution
		{E834C509-05E7-4E4C-968F-8B705A751B8E}.Debug|Any CPU.ActiveCfg = Debug|Any CPU
		{E834C509-05E7-4E4C-968F-8B705A751B8E}.Debug|Any CPU.Build.0 = Debug|Any CPU
		{E834C509-05E7-4E4C-968F-8B705A751B8E}.Release|Any CPU.ActiveCfg = Release|Any CPU
		{E834C509-05E7-4E4C-968F-8B705A751B8E}.Release|Any CPU.Build.0 = Release|Any CPU
	EndGlobalSection
	GlobalSection(SolutionProperties) = preSolution
		HideSolutionNode = FALSE
	EndGlobalSection
	GlobalSection(ExtensibilityGlobals) = postSolution
		SolutionGuid = {EDC2CF45-8656-4E1F-AD04-5143EF0395CD}
	EndGlobalSection
EndGlobal
